
Microsoft Visual Studio Solution File, Format Version 11.00
# Visual Studio 2010
Project("{FAE04EC0-301F-11D3-BF4B-00C04F79EFBC}") = "UsefulDB4O", "UsefulDB4O.csproj", "{B669CDD4-06E5-4145-8F66-F6FF5DA7E47C}"
EndProject
Global
	GlobalSection(SolutionConfigurationPlatforms) = preSolution
		Debug|Any CPU = Debug|Any CPU
		Release|Any CPU = Release|Any CPU
	EndGlobalSection
	GlobalSection(ProjectConfigurationPlatforms) = postSolution
		{B669CDD4-06E5-4145-8F66-F6FF5DA7E47C}.Debug|Any CPU.ActiveCfg = Debug|Any CPU
		{B669CDD4-06E5-4145-8F66-F6FF5DA7E47C}.Debug|Any CPU.Build.0 = Debug|Any CPU
		{B669CDD4-06E5-4145-8F66-F6FF5DA7E47C}.Release|Any CPU.ActiveCfg = Release|Any CPU
		{B669CDD4-06E5-4145-8F66-F6FF5DA7E47C}.Release|Any CPU.Build.0 = Release|Any CPU
	EndGlobalSection
	GlobalSection(SolutionProperties) = preSolution
		HideSolutionNode = FALSE
	EndGlobalSection
EndGlobal
